lockfileVersion: '6.0'

importers:
  .:
    devDependencies:
      turbo:
        specifier: latest
        version: 1.9.8

packages:
  /turbo-darwin-64@1.9.8:
    resolution:
      {
        integrity: sha512-PkTdBjPfgpj/Dob/6SjkzP0BBP80/KmFjLEocXVEECCLJE6tHKbWLRdvc79B0N6SufdYdZ1uvvoU3KPtBokSPw==,
      }
    cpu: [x64]
    os: [darwin]
    requiresBuild: true
    dev: true
    optional: true

  /turbo-darwin-arm64@1.9.8:
    resolution:
      {
        integrity: sha512-sLwqOx3XV57QCEoJM9GnDDnnqidG8wf29ytxssBaWHBdeJTjupyrmzTUrX+tyKo3Q+CjWvbPLyqVqxT4g5NuXQ==,
      }
    cpu: [arm64]
    os: [darwin]
    requiresBuild: true
    dev: true
    optional: true

  /turbo-linux-64@1.9.8:
    resolution:
      {
        integrity: sha512-AMg6VT6sW7aOD1uOs5suxglXfTYz9T0uVyKGKokDweGOYTWmuTMGU5afUT1tYRUwQ+kVPJI+83Atl5Ob0oBsgw==,
      }
    cpu: [x64]
    os: [linux]
    requiresBuild: true
    dev: true
    optional: true

  /turbo-linux-arm64@1.9.8:
    resolution:
      {
        integrity: sha512-tLnxFv+OIklwTjiOZ8XMeEeRDAf150Ry4BCivNwgTVFAqQGEqkFP6KGBy56hb5RRF1frPQpoPGipJNVm7c8m1w==,
      }
    cpu: [arm64]
    os: [linux]
    requiresBuild: true
    dev: true
    optional: true

  /turbo-windows-64@1.9.8:
    resolution:
      {
        integrity: sha512-r3pCjvXTMR7kq2E3iqwFlN1R7pFO/TOsuUjMhOSPP7HwuuUIinAckU4I9foM3q7ZCQd1XXScBUt3niDyHijAqQ==,
      }
    cpu: [x64]
    os: [win32]
    requiresBuild: true
    dev: true
    optional: true

  /turbo-windows-arm64@1.9.8:
    resolution:
      {
        integrity: sha512-CWzRbX2TM5IfHBC6uWM659qUOEDC4h0nn16ocG8yIq1IF3uZMzKRBHgGOT5m1BHom+R08V0NcjTmPRoqpiI0dg==,
      }
    cpu: [arm64]
    os: [win32]
    requiresBuild: true
    dev: true
    optional: true

  /turbo@1.9.8:
    resolution:
      {
        integrity: sha512-dTouGZBm4a2fE0OPafcTQERCp4i3ZOow0Pr0JlOyxKmzJy0JRwXypH013kbZoK6k1ET5tS/g9rwUXIM/AmWXXQ==,
      }
    hasBin: true
    requiresBuild: true
    optionalDependencies:
      turbo-darwin-64: 1.9.8
      turbo-darwin-arm64: 1.9.8
      turbo-linux-64: 1.9.8
      turbo-linux-arm64: 1.9.8
      turbo-windows-64: 1.9.8
      turbo-windows-arm64: 1.9.8
    dev: true
